Microsoft Visual Studio Solution File, Format Version 12.00
# Visual Studio Version 17
VisualStudioVersion = 17.5.2.0
MinimumVisualStudioVersion = 10.0.40219.1
Project("{FAE04EC0-301F-11D3-BF4B-00C04F79EFBC}") = "JVDataCollector", "JVDataCollector\JVDataCollector.csproj", "{40AB232A-B0FB-972F-7FAE-517BCC3A3E4E}"
EndProject
Global
	GlobalSection(SolutionConfigurationPlatforms) = preSolution
		Debug|Any CPU = Debug|Any CPU
		Release|Any CPU = Release|Any CPU
	EndGlobalSection
	GlobalSection(ProjectConfigurationPlatforms) = postSolution
		{40AB232A-B0FB-972F-7FAE-517BCC3A3E4E}.Debug|Any CPU.ActiveCfg = Debug|Any CPU
		{40AB232A-B0FB-972F-7FAE-517BCC3A3E4E}.Debug|Any CPU.Build.0 = Debug|Any CPU
		{40AB232A-B0FB-972F-7FAE-517BCC3A3E4E}.Release|Any CPU.ActiveCfg = Release|Any CPU
		{40AB232A-B0FB-972F-7FAE-517BCC3A3E4E}.Release|Any CPU.Build.0 = Release|Any CPU
	EndGlobalSection
	GlobalSection(SolutionProperties) = preSolution
		HideSolutionNode = FALSE
	EndGlobalSection
	GlobalSection(ExtensibilityGlobals) = postSolution
		SolutionGuid = {68A84713-BB9C-4A5D-B2CB-DE996796A4BB}
	EndGlobalSection
EndGlobal
